
Microsoft Visual Studio Solution File, Format Version 12.00
# Visual Studio Version 17
VisualStudioVersion = 17.10.35004.147
MinimumVisualStudioVersion = 10.0.40219.1
Project("{9A19103F-16F7-4668-BE54-9A1E7A4F7556}") = "GEDAI.Api", "GEDAI.Api\GEDAI.Api.csproj", "{2B93BC5A-0FA4-47A8-8822-E8CF11364FBC}"
EndProject
Project("{9A19103F-16F7-4668-BE54-9A1E7A4F7556}") = "GEDAI.Application", "GEDAI.Application\GEDAI.Application.csproj", "{1D255ED5-C5EB-42D4-B436-3813C755D217}"
EndProject
Project("{9A19103F-16F7-4668-BE54-9A1E7A4F7556}") = "GEDAI.Domain", "GEDAI.Domain\GEDAI.Domain.csproj", "{D6E647A5-03BB-42C8-919D-FDD6C6A885F8}"
EndProject
Project("{9A19103F-16F7-4668-BE54-9A1E7A4F7556}") = "GEDAI.Infrastructure", "GEDAI.Infrastructure\GEDAI.Infrastructure.csproj", "{DAC2D7D8-66C5-4F92-9331-BA7C87B44F0D}"
EndProject
Project("{FAE04EC0-301F-11D3-BF4B-00C04F79EFBC}") = "GEDAI.Authorization.Api", "GEDAI.Authorization.Api\GEDAI.Authorization.Api.csproj", "{44637385-56E8-4101-BAE0-7A422394D093}"
EndProject
Global
	GlobalSection(SolutionConfigurationPlatforms) = preSolution
		Debug|Any CPU = Debug|Any CPU
		Release|Any CPU = Release|Any CPU
	EndGlobalSection
	GlobalSection(ProjectConfigurationPlatforms) = postSolution
		{2B93BC5A-0FA4-47A8-8822-E8CF11364FBC}.Debug|Any CPU.ActiveCfg = Debug|Any CPU
		{2B93BC5A-0FA4-47A8-8822-E8CF11364FBC}.Debug|Any CPU.Build.0 = Debug|Any CPU
		{2B93BC5A-0FA4-47A8-8822-E8CF11364FBC}.Release|Any CPU.ActiveCfg = Release|Any CPU
		{2B93BC5A-0FA4-47A8-8822-E8CF11364FBC}.Release|Any CPU.Build.0 = Release|Any CPU
		{1D255ED5-C5EB-42D4-B436-3813C755D217}.Debug|Any CPU.ActiveCfg = Debug|Any CPU
		{1D255ED5-C5EB-42D4-B436-3813C755D217}.Debug|Any CPU.Build.0 = Debug|Any CPU
		{1D255ED5-C5EB-42D4-B436-3813C755D217}.Release|Any CPU.ActiveCfg = Release|Any CPU
		{1D255ED5-C5EB-42D4-B436-3813C755D217}.Release|Any CPU.Build.0 = Release|Any CPU
		{D6E647A5-03BB-42C8-919D-FDD6C6A885F8}.Debug|Any CPU.ActiveCfg = Debug|Any CPU
		{D6E647A5-03BB-42C8-919D-FDD6C6A885F8}.Debug|Any CPU.Build.0 = Debug|Any CPU
		{D6E647A5-03BB-42C8-919D-FDD6C6A885F8}.Release|Any CPU.ActiveCfg = Release|Any CPU
		{D6E647A5-03BB-42C8-919D-FDD6C6A885F8}.Release|Any CPU.Build.0 = Release|Any CPU
		{DAC2D7D8-66C5-4F92-9331-BA7C87B44F0D}.Debug|Any CPU.ActiveCfg = Debug|Any CPU
		{DAC2D7D8-66C5-4F92-9331-BA7C87B44F0D}.Debug|Any CPU.Build.0 = Debug|Any CPU
		{DAC2D7D8-66C5-4F92-9331-BA7C87B44F0D}.Release|Any CPU.ActiveCfg = Release|Any CPU
		{DAC2D7D8-66C5-4F92-9331-BA7C87B44F0D}.Release|Any CPU.Build.0 = Release|Any CPU
		{44637385-56E8-4101-BAE0-7A422394D093}.Debug|Any CPU.ActiveCfg = Debug|Any CPU
		{44637385-56E8-4101-BAE0-7A422394D093}.Debug|Any CPU.Build.0 = Debug|Any CPU
		{44637385-56E8-4101-BAE0-7A422394D093}.Release|Any CPU.ActiveCfg = Release|Any CPU
		{44637385-56E8-4101-BAE0-7A422394D093}.Release|Any CPU.Build.0 = Release|Any CPU
	EndGlobalSection
	GlobalSection(SolutionProperties) = preSolution
		HideSolutionNode = FALSE
	EndGlobalSection
	GlobalSection(ExtensibilityGlobals) = postSolution
		SolutionGuid = {E27E52F2-4968-40F5-9AB9-21093FBE91D9}
	EndGlobalSection
EndGlobal
